
Microsoft Visual Studio Solution File, Format Version 12.00
# Visual Studio Version 16
VisualStudioVersion = 16.0.30204.135
MinimumVisualStudioVersion = 10.0.40219.1
Project("{FAE04EC0-301F-11D3-BF4B-00C04F79EFBC}") = "Selenium", "Selenium\Selenium.csproj", "{92A8F1D5-014A-41AA-8F75-7EF599B4C94C}"
EndProject
Global
	GlobalSection(SolutionConfigurationPlatforms) = preSolution
		Debug|Any CPU = Debug|Any CPU
		Release|Any CPU = Release|Any CPU
	EndGlobalSection
	GlobalSection(ProjectConfigurationPlatforms) = postSolution
		{92A8F1D5-014A-41AA-8F75-7EF599B4C94C}.Debug|Any CPU.ActiveCfg = Debug|Any CPU
		{92A8F1D5-014A-41AA-8F75-7EF599B4C94C}.Debug|Any CPU.Build.0 = Debug|Any CPU
		{92A8F1D5-014A-41AA-8F75-7EF599B4C94C}.Release|Any CPU.ActiveCfg = Release|Any CPU
		{92A8F1D5-014A-41AA-8F75-7EF599B4C94C}.Release|Any CPU.Build.0 = Release|Any CPU
	EndGlobalSection
	GlobalSection(SolutionProperties) = preSolution
		HideSolutionNode = FALSE
	EndGlobalSection
	GlobalSection(ExtensibilityGlobals) = postSolution
		SolutionGuid = {5098431A-B4A1-4243-BF22-C3F89022DFC1}
	EndGlobalSection
EndGlobal
